
Microsoft Visual Studio Solution File, Format Version 12.00
# Visual Studio Version 17
VisualStudioVersion = 17.7.34024.191
MinimumVisualStudioVersion = 10.0.40219.1
Project("{9A19103F-16F7-4668-BE54-9A1E7A4F7556}") = "VendingMachine", "VendingMachine\VendingMachine.csproj", "{49C206D2-9BD2-4B36-B7EE-425E9F4950AD}"
EndProject
Project("{9A19103F-16F7-4668-BE54-9A1E7A4F7556}") = "VendingMachine.Tests", "VendingMachine.Tests\VendingMachine.Tests.csproj", "{C9CEDEFD-D7F6-4907-A42C-3291971FFB79}"
EndProject
Project("{FAE04EC0-301F-11D3-BF4B-00C04F79EFBC}") = "VendingMachine.Business", "VendingMachine.Business\VendingMachine.Business.csproj", "{1933DE0E-17AF-4892-B156-130D492087D9}"
EndProject
Project("{FAE04EC0-301F-11D3-BF4B-00C04F79EFBC}") = "VendingMachine.DataAccess.InMemory", "VendingMachine.DataAccess.InMemory\VendingMachine.DataAccess.InMemory.csproj", "{0B776152-F8AB-45AC-B521-98143EC3A456}"
EndProject
Project("{FAE04EC0-301F-11D3-BF4B-00C04F79EFBC}") = "VendingMachine.DataAccess.Sqlite", "VendingMachine.DataAccess.Sqlite\VendingMachine.DataAccess.Sqlite.csproj", "{DEE7BFD8-1A29-490B-B956-CFF5EC6DC2AF}"
EndProject
Project("{FAE04EC0-301F-11D3-BF4B-00C04F79EFBC}") = "VendingMachine.Presentation", "VendingMachine.Presentation\VendingMachine.Presentation.csproj", "{FDBFE89B-A7CD-4FA6-B948-17ACA1BC711C}"
EndProject
Global
	GlobalSection(SolutionConfigurationPlatforms) = preSolution
		Debug|Any CPU = Debug|Any CPU
		Release|Any CPU = Release|Any CPU
	EndGlobalSection
	GlobalSection(ProjectConfigurationPlatforms) = postSolution
		{49C206D2-9BD2-4B36-B7EE-425E9F4950AD}.Debug|Any CPU.ActiveCfg = Debug|Any CPU
		{49C206D2-9BD2-4B36-B7EE-425E9F4950AD}.Debug|Any CPU.Build.0 = Debug|Any CPU
		{49C206D2-9BD2-4B36-B7EE-425E9F4950AD}.Release|Any CPU.ActiveCfg = Release|Any CPU
		{49C206D2-9BD2-4B36-B7EE-425E9F4950AD}.Release|Any CPU.Build.0 = Release|Any CPU
		{C9CEDEFD-D7F6-4907-A42C-3291971FFB79}.Debug|Any CPU.ActiveCfg = Debug|Any CPU
		{C9CEDEFD-D7F6-4907-A42C-3291971FFB79}.Debug|Any CPU.Build.0 = Debug|Any CPU
		{C9CEDEFD-D7F6-4907-A42C-3291971FFB79}.Release|Any CPU.ActiveCfg = Release|Any CPU
		{C9CEDEFD-D7F6-4907-A42C-3291971FFB79}.Release|Any CPU.Build.0 = Release|Any CPU
		{1933DE0E-17AF-4892-B156-130D492087D9}.Debug|Any CPU.ActiveCfg = Debug|Any CPU
		{1933DE0E-17AF-4892-B156-130D492087D9}.Debug|Any CPU.Build.0 = Debug|Any CPU
		{1933DE0E-17AF-4892-B156-130D492087D9}.Release|Any CPU.ActiveCfg = Release|Any CPU
		{1933DE0E-17AF-4892-B156-130D492087D9}.Release|Any CPU.Build.0 = Release|Any CPU
		{0B776152-F8AB-45AC-B521-98143EC3A456}.Debug|Any CPU.ActiveCfg = Debug|Any CPU
		{0B776152-F8AB-45AC-B521-98143EC3A456}.Debug|Any CPU.Build.0 = Debug|Any CPU
		{0B776152-F8AB-45AC-B521-98143EC3A456}.Release|Any CPU.ActiveCfg = Release|Any CPU
		{0B776152-F8AB-45AC-B521-98143EC3A456}.Release|Any CPU.Build.0 = Release|Any CPU
		{DEE7BFD8-1A29-490B-B956-CFF5EC6DC2AF}.Debug|Any CPU.ActiveCfg = Debug|Any CPU
		{DEE7BFD8-1A29-490B-B956-CFF5EC6DC2AF}.Debug|Any CPU.Build.0 = Debug|Any CPU
		{DEE7BFD8-1A29-490B-B956-CFF5EC6DC2AF}.Release|Any CPU.ActiveCfg = Release|Any CPU
		{DEE7BFD8-1A29-490B-B956-CFF5EC6DC2AF}.Release|Any CPU.Build.0 = Release|Any CPU
		{FDBFE89B-A7CD-4FA6-B948-17ACA1BC711C}.Debug|Any CPU.ActiveCfg = Debug|Any CPU
		{FDBFE89B-A7CD-4FA6-B948-17ACA1BC711C}.Debug|Any CPU.Build.0 = Debug|Any CPU
		{FDBFE89B-A7CD-4FA6-B948-17ACA1BC711C}.Release|Any CPU.ActiveCfg = Release|Any CPU
		{FDBFE89B-A7CD-4FA6-B948-17ACA1BC711C}.Release|Any CPU.Build.0 = Release|Any CPU
	EndGlobalSection
	GlobalSection(SolutionProperties) = preSolution
		HideSolutionNode = FALSE
	EndGlobalSection
	GlobalSection(ExtensibilityGlobals) = postSolution
		SolutionGuid = {DD6CC379-E216-49BF-B008-5AF6ECC608B3}
	EndGlobalSection
EndGlobal
